// !$*UTF8*$!
{
	archiveVersion = 1;
	classes = {
	};
	objectVersion = 50;
	objects = {

/* Begin PBXBuildFile section */
		805D3CF42396C5930000B975 /* Transactions.storyboard in Resources */ = {isa = PBXBuildFile; fileRef = 805D3CF32396C5930000B975 /* Transactions.storyboard */; };
		805D3CF92396C7780000B975 /* Statics.storyboard in Resources */ = {isa = PBXBuildFile; fileRef = 805D3CF82396C7780000B975 /* Statics.storyboard */; };
		805D3CFB2396C79B0000B975 /* Budget.storyboard in Resources */ = {isa = PBXBuildFile; fileRef = 805D3CFA2396C79B0000B975 /* Budget.storyboard */; };
		805D3CFD2396C7BA0000B975 /* Profile.storyboard in Resources */ = {isa = PBXBuildFile; fileRef = 805D3CFC2396C7BA0000B975 /* Profile.storyboard */; };
		805D3CFF2396C7D90000B975 /* Add.storyboard in Resources */ = {isa = PBXBuildFile; fileRef = 805D3CFE2396C7D90000B975 /* Add.storyboard */; };
		805D3D012396C90A0000B975 /* Signin.storyboard in Resources */ = {isa = PBXBuildFile; fileRef = 805D3D002396C90A0000B975 /* Signin.storyboard */; };
		805D3D0723980D3B0000B975 /* PrimaryTheme.xcassets in Resources */ = {isa = PBXBuildFile; fileRef = 805D3D0623980D3B0000B975 /* PrimaryTheme.xcassets */; };
		805D3D0B239818CC0000B975 /* SocialNetwork.xcassets in Resources */ = {isa = PBXBuildFile; fileRef = 805D3D0A239818CC0000B975 /* SocialNetwork.xcassets */; };
		805DB3282395A054001C3138 /* AppDelegate.swift in Sources */ = {isa = PBXBuildFile; fileRef = 805DB3272395A054001C3138 /* AppDelegate.swift */; };
		805DB32D2395A054001C3138 /* Main.storyboard in Resources */ = {isa = PBXBuildFile; fileRef = 805DB32B2395A054001C3138 /* Main.storyboard */; };
		805DB32F2395A056001C3138 /* Assets.xcassets in Resources */ = {isa = PBXBuildFile; fileRef = 805DB32E2395A056001C3138 /* Assets.xcassets */; };
		805DB3322395A056001C3138 /* LaunchScreen.storyboard in Resources */ = {isa = PBXBuildFile; fileRef = 805DB3302395A056001C3138 /* LaunchScreen.storyboard */; };
		807DCFA023A0020800416715 /* Shadow.swift in Sources */ = {isa = PBXBuildFile; fileRef = 807DCF9F23A0020800416715 /* Shadow.swift */; };
		807DCFA723A028B900416715 /* AvenirNextLTPro-Bold.otf in Resources */ = {isa = PBXBuildFile; fileRef = 807DCFA423A0284C00416715 /* AvenirNextLTPro-Bold.otf */; };
		807DCFA823A028BC00416715 /* AvenirNextLTPro-BoldCn.otf in Resources */ = {isa = PBXBuildFile; fileRef = 807DCFA623A0284C00416715 /* AvenirNextLTPro-BoldCn.otf */; };
		807DCFA923A028BF00416715 /* AvenirNextLTPro-Cn.otf in Resources */ = {isa = PBXBuildFile; fileRef = 807DCFA523A0284C00416715 /* AvenirNextLTPro-Cn.otf */; };
		807DCFAA23A028C100416715 /* AvenirNextLTPro-MediumCn.otf in Resources */ = {isa = PBXBuildFile; fileRef = 807DCFA223A0284C00416715 /* AvenirNextLTPro-MediumCn.otf */; };
		807DCFAB23A028C400416715 /* AvenirNextLTPro-Regular.otf in Resources */ = {isa = PBXBuildFile; fileRef = 807DCFA323A0284C00416715 /* AvenirNextLTPro-Regular.otf */; };
		807DCFC223A0641200416715 /* OnBoardingContainerViewController.swift in Sources */ = {isa = PBXBuildFile; fileRef = 807DCFBE23A0641200416715 /* OnBoardingContainerViewController.swift */; };
		807DCFC323A0641200416715 /* OnBoarding.storyboard in Resources */ = {isa = PBXBuildFile; fileRef = 807DCFBF23A0641200416715 /* OnBoarding.storyboard */; };
		807DCFC423A0641200416715 /* OnBoardingStepsViewController.swift in Sources */ = {isa = PBXBuildFile; fileRef = 807DCFC023A0641200416715 /* OnBoardingStepsViewController.swift */; };
		807DCFC523A0641200416715 /* OnBoardingViewController.swift in Sources */ = {isa = PBXBuildFile; fileRef = 807DCFC123A0641200416715 /* OnBoardingViewController.swift */; };
		807DCFC723A18A5A00416715 /* TransactionsViewController.swift in Sources */ = {isa = PBXBuildFile; fileRef = 807DCFC623A18A5A00416715 /* TransactionsViewController.swift */; };
		809F387F23CE3681008354C0 /* EmptyState.xib in Resources */ = {isa = PBXBuildFile; fileRef = 809F387E23CE3681008354C0 /* EmptyState.xib */; };
		809F388123CE43F4008354C0 /* TabBar.xcassets in Resources */ = {isa = PBXBuildFile; fileRef = 809F388023CE43F4008354C0 /* TabBar.xcassets */; };
		809F388323CE4D35008354C0 /* TabBarViewController.swift in Sources */ = {isa = PBXBuildFile; fileRef = 809F388223CE4D35008354C0 /* TabBarViewController.swift */; };
		809F388623CE5376008354C0 /* TransactionCell.xib in Resources */ = {isa = PBXBuildFile; fileRef = 809F388523CE5376008354C0 /* TransactionCell.xib */; };
		809F388823CE5510008354C0 /* BudgetViewController.swift in Sources */ = {isa = PBXBuildFile; fileRef = 809F388723CE5510008354C0 /* BudgetViewController.swift */; };
/* End PBXBuildFile section */

/* Begin PBXFileReference section */
		805D3CF32396C5930000B975 /* Transactions.storyboard */ = {isa = PBXFileReference; fileEncoding = 4; lastKnownFileType = file.storyboard; path = Transactions.storyboard; sourceTree = "<group>"; };
		805D3CF82396C7780000B975 /* Statics.storyboard */ = {isa = PBXFileReference; fileEncoding = 4; lastKnownFileType = file.storyboard; path = Statics.storyboard; sourceTree = "<group>"; };
		805D3CFA2396C79B0000B975 /* Budget.storyboard */ = {isa = PBXFileReference; fileEncoding = 4; lastKnownFileType = file.storyboard; path = Budget.storyboard; sourceTree = "<group>"; };
		805D3CFC2396C7BA0000B975 /* Profile.storyboard */ = {isa = PBXFileReference; fileEncoding = 4; lastKnownFileType = file.storyboard; path = Profile.storyboard; sourceTree = "<group>"; };
		805D3CFE2396C7D90000B975 /* Add.storyboard */ = {isa = PBXFileReference; fileEncoding = 4; lastKnownFileType = file.storyboard; path = Add.storyboard; sourceTree = "<group>"; };
		805D3D002396C90A0000B975 /* Signin.storyboard */ = {isa = PBXFileReference; lastKnownFileType = file.storyboard; path = Signin.storyboard; sourceTree = "<group>"; };
		805D3D0623980D3B0000B975 /* PrimaryTheme.xcassets */ = {isa = PBXFileReference; lastKnownFileType = folder.assetcatalog; name = PrimaryTheme.xcassets; path = PlatziFinanzasIPhone/PrimaryTheme.xcassets; sourceTree = SOURCE_ROOT; };
		805D3D0A239818CC0000B975 /* SocialNetwork.xcassets */ = {isa = PBXFileReference; lastKnownFileType = folder.assetcatalog; path = SocialNetwork.xcassets; sourceTree = "<group>"; };
		805DB3242395A054001C3138 /* Platzi Finanzas.app */ = {isa = PBXFileReference; explicitFileType = wrapper.application; includeInIndex = 0; path = "Platzi Finanzas.app"; sourceTree = BUILT_PRODUCTS_DIR; };
		805DB3272395A054001C3138 /* AppDelegate.swift */ = {isa = PBXFileReference; lastKnownFileType = sourcecode.swift; path = AppDelegate.swift; sourceTree = "<group>"; };
		805DB32C2395A054001C3138 /* Base */ = {isa = PBXFileReference; lastKnownFileType = file.storyboard; name = Base; path = Base.lproj/Main.storyboard; sourceTree = "<group>"; };
		805DB32E2395A056001C3138 /* Assets.xcassets */ = {isa = PBXFileReference; lastKnownFileType = folder.assetcatalog; name = Assets.xcassets; path = PlatziFinanzasIPhone/Assets.xcassets; sourceTree = SOURCE_ROOT; };
		805DB3312395A056001C3138 /* Base */ = {isa = PBXFileReference; lastKnownFileType = file.storyboard; name = Base; path = Base.lproj/LaunchScreen.storyboard; sourceTree = "<group>"; };
		805DB3332395A056001C3138 /* Info.plist */ = {isa = PBXFileReference; lastKnownFileType = text.plist.xml; path = Info.plist; sourceTree = "<group>"; };
		805DB33C2395A056001C3138 /* PlatziFinanzasIPhoneTests.swift */ = {isa = PBXFileReference; lastKnownFileType = sourcecode.swift; path = PlatziFinanzasIPhoneTests.swift; sourceTree = "<group>"; };
		805DB33E2395A056001C3138 /* Info.plist */ = {isa = PBXFileReference; lastKnownFileType = text.plist.xml; name = Info.plist; path = PlatziFinanzasIPhoneTests/Info.plist; sourceTree = SOURCE_ROOT; };
		805DB3472395A056001C3138 /* PlatziFinanzasIPhoneUITests.swift */ = {isa = PBXFileReference; lastKnownFileType = sourcecode.swift; path = PlatziFinanzasIPhoneUITests.swift; sourceTree = "<group>"; };
		805DB3492395A056001C3138 /* Info.plist */ = {isa = PBXFileReference; lastKnownFileType = text.plist.xml; path = Info.plist; sourceTree = "<group>"; };
		805DB3622395A90C001C3138 /* Produccion.entitlements */ = {isa = PBXFileReference; lastKnownFileType = text.plist.entitlements; path = Produccion.entitlements; sourceTree = "<group>"; };
		805DB3642395AA39001C3138 /* MapKit.framework */ = {isa = PBXFileReference; lastKnownFileType = wrapper.framework; name = MapKit.framework; path = System/Library/Frameworks/MapKit.framework; sourceTree = SDKROOT; };
		807DCF9F23A0020800416715 /* Shadow.swift */ = {isa = PBXFileReference; lastKnownFileType = sourcecode.swift; path = Shadow.swift; sourceTree = "<group>"; };
		807DCFA223A0284C00416715 /* AvenirNextLTPro-MediumCn.otf */ = {isa = PBXFileReference; lastKnownFileType = file; name = "AvenirNextLTPro-MediumCn.otf"; path = "Fonts/AvenirNextLTPro-MediumCn.otf"; sourceTree = "<group>"; };
		807DCFA323A0284C00416715 /* AvenirNextLTPro-Regular.otf */ = {isa = PBXFileReference; lastKnownFileType = file; name = "AvenirNextLTPro-Regular.otf"; path = "Fonts/AvenirNextLTPro-Regular.otf"; sourceTree = "<group>"; };
		807DCFA423A0284C00416715 /* AvenirNextLTPro-Bold.otf */ = {isa = PBXFileReference; lastKnownFileType = file; name = "AvenirNextLTPro-Bold.otf"; path = "Fonts/AvenirNextLTPro-Bold.otf"; sourceTree = "<group>"; };
		807DCFA523A0284C00416715 /* AvenirNextLTPro-Cn.otf */ = {isa = PBXFileReference; lastKnownFileType = file; name = "AvenirNextLTPro-Cn.otf"; path = "Fonts/AvenirNextLTPro-Cn.otf"; sourceTree = "<group>"; };
		807DCFA623A0284C00416715 /* AvenirNextLTPro-BoldCn.otf */ = {isa = PBXFileReference; lastKnownFileType = file; name = "AvenirNextLTPro-BoldCn.otf"; path = "Fonts/AvenirNextLTPro-BoldCn.otf"; sourceTree = "<group>"; };
		807DCFBE23A0641200416715 /* OnBoardingContainerViewController.swift */ = {isa = PBXFileReference; fileEncoding = 4; lastKnownFileType = sourcecode.swift; path = OnBoardingContainerViewController.swift; sourceTree = "<group>"; };
		807DCFBF23A0641200416715 /* OnBoarding.storyboard */ = {isa = PBXFileReference; fileEncoding = 4; lastKnownFileType = file.storyboard; path = OnBoarding.storyboard; sourceTree = "<group>"; };
		807DCFC023A0641200416715 /* OnBoardingStepsViewController.swift */ = {isa = PBXFileReference; fileEncoding = 4; lastKnownFileType = sourcecode.swift; path = OnBoardingStepsViewController.swift; sourceTree = "<group>"; };
		807DCFC123A0641200416715 /* OnBoardingViewController.swift */ = {isa = PBXFileReference; fileEncoding = 4; lastKnownFileType = sourcecode.swift; path = OnBoardingViewController.swift; sourceTree = "<group>"; };
		807DCFC623A18A5A00416715 /* TransactionsViewController.swift */ = {isa = PBXFileReference; lastKnownFileType = sourcecode.swift; name = TransactionsViewController.swift; path = Assets.xcassets/TransactionsViewController.swift; sourceTree = "<group>"; };
		809F387E23CE3681008354C0 /* EmptyState.xib */ = {isa = PBXFileReference; lastKnownFileType = file.xib; path = EmptyState.xib; sourceTree = "<group>"; };
		809F388023CE43F4008354C0 /* TabBar.xcassets */ = {isa = PBXFileReference; lastKnownFileType = folder.assetcatalog; name = TabBar.xcassets; path = PlatziFinanzasIPhone/TabBar.xcassets; sourceTree = SOURCE_ROOT; };
		809F388223CE4D35008354C0 /* TabBarViewController.swift */ = {isa = PBXFileReference; lastKnownFileType = sourcecode.swift; path = TabBarViewController.swift; sourceTree = "<group>"; };
		809F388523CE5376008354C0 /* TransactionCell.xib */ = {isa = PBXFileReference; lastKnownFileType = file.xib; path = TransactionCell.xib; sourceTree = SOURCE_ROOT; };
		809F388723CE5510008354C0 /* BudgetViewController.swift */ = {isa = PBXFileReference; lastKnownFileType = sourcecode.swift; path = BudgetViewController.swift; sourceTree = "<group>"; };
		809F388D23CF66A4008354C0 /* Lottie.framework */ = {isa = PBXFileReference; lastKnownFileType = wrapper.framework; name = Lottie.framework; path = Carthage/Build/iOS/Lottie.framework; sourceTree = "<group>"; };
/* End PBXFileReference section */

/* Begin PBXFrameworksBuildPhase section */
		805DB3212395A054001C3138 /* Frameworks */ = {
			isa = PBXFrameworksBuildPhase;
			buildActionMask = 2147483647;
			files = (
			);
			runOnlyForDeploymentPostprocessing = 0;
		};
/* End PBXFrameworksBuildPhase section */

/* Begin PBXGroup section */
		805D3CF52396C72B0000B975 /* Add */ = {
			isa = PBXGroup;
			children = (
				805D3CFE2396C7D90000B975 /* Add.storyboard */,
			);
			name = Add;
			sourceTree = "<group>";
		};
		805D3CF62396C7340000B975 /* Statics */ = {
			isa = PBXGroup;
			children = (
				805D3CF82396C7780000B975 /* Statics.storyboard */,
			);
			name = Statics;
			sourceTree = "<group>";
		};
		805D3CF72396C73F0000B975 /* Budget */ = {
			isa = PBXGroup;
			children = (
				805D3CFA2396C79B0000B975 /* Budget.storyboard */,
				809F388723CE5510008354C0 /* BudgetViewController.swift */,
			);
			name = Budget;
			sourceTree = "<group>";
		};
		805D3D0823980D420000B975 /* Themes */ = {
			isa = PBXGroup;
			children = (
				805D3D0623980D3B0000B975 /* PrimaryTheme.xcassets */,
			);
			name = Themes;
			sourceTree = "<group>";
		};
		805D3D0923980D4E0000B975 /* Image */ = {
			isa = PBXGroup;
			children = (
				805DB32E2395A056001C3138 /* Assets.xcassets */,
				805D3D0A239818CC0000B975 /* SocialNetwork.xcassets */,
				809F388023CE43F4008354C0 /* TabBar.xcassets */,
			);
			name = Image;
			sourceTree = "<group>";
		};
		805DB31B2395A054001C3138 = {
			isa = PBXGroup;
			children = (
				805DB3622395A90C001C3138 /* Produccion.entitlements */,
				805DB3262395A054001C3138 /* PlatziFinanzasIPhone */,
				805DB33B2395A056001C3138 /* PlatziFinanzasIPhoneTests */,
				805DB3462395A056001C3138 /* PlatziFinanzasIPhoneUITests */,
				805DB3252395A054001C3138 /* Products */,
				805DB3632395AA39001C3138 /* Frameworks */,
				A761E2A831A713C806CDDAB5 /* Pods */,
			);
			sourceTree = "<group>";
		};
		805DB3252395A054001C3138 /* Products */ = {
			isa = PBXGroup;
			children = (
				805DB3242395A054001C3138 /* Platzi Finanzas.app */,
			);
			name = Products;
			sourceTree = "<group>";
		};
		805DB3262395A054001C3138 /* PlatziFinanzasIPhone */ = {
			isa = PBXGroup;
			children = (
				807DCF9E23A001E800416715 /* Extensions */,
				805DB3722395AD81001C3138 /* Resources */,
				805DB36F2395AC96001C3138 /* Base */,
				805DB36C2395AC6E001C3138 /* Application */,
			);
			path = PlatziFinanzasIPhone;
			sourceTree = "<group>";
		};
		805DB33B2395A056001C3138 /* PlatziFinanzasIPhoneTests */ = {
			isa = PBXGroup;
			children = (
				805DB33C2395A056001C3138 /* PlatziFinanzasIPhoneTests.swift */,
			);
			path = PlatziFinanzasIPhoneTests;
			sourceTree = "<group>";
		};
		805DB3462395A056001C3138 /* PlatziFinanzasIPhoneUITests */ = {
			isa = PBXGroup;
			children = (
				805DB3472395A056001C3138 /* PlatziFinanzasIPhoneUITests.swift */,
				805DB3492395A056001C3138 /* Info.plist */,
			);
			path = PlatziFinanzasIPhoneUITests;
			sourceTree = "<group>";
		};
		805DB3632395AA39001C3138 /* Frameworks */ = {
			isa = PBXGroup;
			children = (
				809F388D23CF66A4008354C0 /* Lottie.framework */,
				805DB3642395AA39001C3138 /* MapKit.framework */,
			);
			name = Frameworks;
			sourceTree = "<group>";
		};
		805DB36C2395AC6E001C3138 /* Application */ = {
			isa = PBXGroup;
			children = (
				805DB3742395ADA1001C3138 /* Main */,
				805DB3732395AD98001C3138 /* Authentication */,
			);
			name = Application;
			sourceTree = "<group>";
		};
		805DB36F2395AC96001C3138 /* Base */ = {
			isa = PBXGroup;
			children = (
				805DB33E2395A056001C3138 /* Info.plist */,
				805DB3302395A056001C3138 /* LaunchScreen.storyboard */,
				805DB3272395A054001C3138 /* AppDelegate.swift */,
				805DB3332395A056001C3138 /* Info.plist */,
			);
			name = Base;
			sourceTree = "<group>";
		};
		805DB3722395AD81001C3138 /* Resources */ = {
			isa = PBXGroup;
			children = (
				807DCFA123A0282B00416715 /* Fonts */,
				805D3D0923980D4E0000B975 /* Image */,
				805D3D0823980D420000B975 /* Themes */,
			);
			name = Resources;
			sourceTree = "<group>";
		};
		805DB3732395AD98001C3138 /* Authentication */ = {
			isa = PBXGroup;
			children = (
				805DB3762395ADBF001C3138 /* Sign in */,
				805DB3752395ADAA001C3138 /* OnBoarding */,
			);
			name = Authentication;
			sourceTree = "<group>";
		};
		805DB3742395ADA1001C3138 /* Main */ = {
			isa = PBXGroup;
			children = (
				805D3CF72396C73F0000B975 /* Budget */,
				805D3CF62396C7340000B975 /* Statics */,
				805D3CF52396C72B0000B975 /* Add */,
				805DB3792395AE36001C3138 /* Main */,
				805DB3782395AE2A001C3138 /* Profile */,
				805DB3772395AE1E001C3138 /* Transactions */,
			);
			name = Main;
			sourceTree = "<group>";
		};
		805DB3752395ADAA001C3138 /* OnBoarding */ = {
			isa = PBXGroup;
			children = (
				807DCFBF23A0641200416715 /* OnBoarding.storyboard */,
				807DCFBE23A0641200416715 /* OnBoardingContainerViewController.swift */,
				807DCFC023A0641200416715 /* OnBoardingStepsViewController.swift */,
				807DCFC123A0641200416715 /* OnBoardingViewController.swift */,
			);
			name = OnBoarding;
			sourceTree = "<group>";
		};
		805DB3762395ADBF001C3138 /* Sign in */ = {
			isa = PBXGroup;
			children = (
				805D3D002396C90A0000B975 /* Signin.storyboard */,
			);
			name = "Sign in";
			sourceTree = "<group>";
		};
		805DB3772395AE1E001C3138 /* Transactions */ = {
			isa = PBXGroup;
			children = (
				805D3CF32396C5930000B975 /* Transactions.storyboard */,
				807DCFC623A18A5A00416715 /* TransactionsViewController.swift */,
				809F387E23CE3681008354C0 /* EmptyState.xib */,
				809F388523CE5376008354C0 /* TransactionCell.xib */,
			);
			name = Transactions;
			sourceTree = "<group>";
		};
		805DB3782395AE2A001C3138 /* Profile */ = {
			isa = PBXGroup;
			children = (
				805D3CFC2396C7BA0000B975 /* Profile.storyboard */,
			);
			name = Profile;
			sourceTree = "<group>";
		};
		805DB3792395AE36001C3138 /* Main */ = {
			isa = PBXGroup;
			children = (
				805DB32B2395A054001C3138 /* Main.storyboard */,
				809F388223CE4D35008354C0 /* TabBarViewController.swift */,
			);
			name = Main;
			sourceTree = "<group>";
		};
		807DCF9E23A001E800416715 /* Extensions */ = {
			isa = PBXGroup;
			children = (
				807DCF9F23A0020800416715 /* Shadow.swift */,
			);
			name = Extensions;
			sourceTree = "<group>";
		};
		807DCFA123A0282B00416715 /* Fonts */ = {
			isa = PBXGroup;
			children = (
				807DCFA423A0284C00416715 /* AvenirNextLTPro-Bold.otf */,
				807DCFA623A0284C00416715 /* AvenirNextLTPro-BoldCn.otf */,
				807DCFA523A0284C00416715 /* AvenirNextLTPro-Cn.otf */,
				807DCFA223A0284C00416715 /* AvenirNextLTPro-MediumCn.otf */,
				807DCFA323A0284C00416715 /* AvenirNextLTPro-Regular.otf */,
			);
			name = Fonts;
			sourceTree = "<group>";
		};
		A761E2A831A713C806CDDAB5 /* Pods */ = {
			isa = PBXGroup;
			children = (
			);
			path = Pods;
			sourceTree = "<group>";
		};
/* End PBXGroup section */

/* Begin PBXNativeTarget section */
		805DB3232395A054001C3138 /* Platzi Finanzas */ = {
			isa = PBXNativeTarget;
			buildConfigurationList = 805DB34C2395A056001C3138 /* Build configuration list for PBXNativeTarget "Platzi Finanzas" */;
			buildPhases = (
				805DB3202395A054001C3138 /* Sources */,
				805DB3212395A054001C3138 /* Frameworks */,
				805DB3222395A054001C3138 /* Resources */,
			);
			buildRules = (
			);
			dependencies = (
			);
			name = "Platzi Finanzas";
			productName = PlatziFinanzasIPhone;
			productReference = 805DB3242395A054001C3138 /* Platzi Finanzas.app */;
			productType = "com.apple.product-type.application";
		};
/* End PBXNativeTarget section */

/* Begin PBXProject section */
		805DB31C2395A054001C3138 /* Project object */ = {
			isa = PBXProject;
			attributes = {
				LastSwiftUpdateCheck = 1020;
				LastUpgradeCheck = 1020;
				ORGANIZATIONNAME = "David Yepes Buitrago";
				TargetAttributes = {
					805DB3232395A054001C3138 = {
						CreatedOnToolsVersion = 10.2.1;
						SystemCapabilities = {
							com.apple.Maps.iOS = {
								enabled = 1;
							};
						};
					};
				};
			};
			buildConfigurationList = 805DB31F2395A054001C3138 /* Build configuration list for PBXProject "PlatziFinanzasIPhone" */;
			compatibilityVersion = "Xcode 9.3";
			developmentRegion = en;
			hasScannedForEncodings = 0;
			knownRegions = (
				en,
				Base,
			);
			mainGroup = 805DB31B2395A054001C3138;
			productRefGroup = 805DB3252395A054001C3138 /* Products */;
			projectDirPath = "";
			projectRoot = "";
			targets = (
				805DB3232395A054001C3138 /* Platzi Finanzas */,
			);
		};
/* End PBXProject section */

/* Begin PBXResourcesBuildPhase section */
		805DB3222395A054001C3138 /* Resources */ = {
			isa = PBXResourcesBuildPhase;
			buildActionMask = 2147483647;
			files = (
				807DCFA823A028BC00416715 /* AvenirNextLTPro-BoldCn.otf in Resources */,
				805D3CF92396C7780000B975 /* Statics.storyboard in Resources */,
				805DB3322395A056001C3138 /* LaunchScreen.storyboard in Resources */,
				807DCFA723A028B900416715 /* AvenirNextLTPro-Bold.otf in Resources */,
				805DB32F2395A056001C3138 /* Assets.xcassets in Resources */,
				805DB32D2395A054001C3138 /* Main.storyboard in Resources */,
				807DCFAB23A028C400416715 /* AvenirNextLTPro-Regular.otf in Resources */,
				809F387F23CE3681008354C0 /* EmptyState.xib in Resources */,
				805D3D0723980D3B0000B975 /* PrimaryTheme.xcassets in Resources */,
				805D3D0B239818CC0000B975 /* SocialNetwork.xcassets in Resources */,
				805D3CF42396C5930000B975 /* Transactions.storyboard in Resources */,
				805D3CFD2396C7BA0000B975 /* Profile.storyboard in Resources */,
				809F388123CE43F4008354C0 /* TabBar.xcassets in Resources */,
				807DCFAA23A028C100416715 /* AvenirNextLTPro-MediumCn.otf in Resources */,
				809F388623CE5376008354C0 /* TransactionCell.xib in Resources */,
				807DCFC323A0641200416715 /* OnBoarding.storyboard in Resources */,
				805D3D012396C90A0000B975 /* Signin.storyboard in Resources */,
				805D3CFF2396C7D90000B975 /* Add.storyboard in Resources */,
				807DCFA923A028BF00416715 /* AvenirNextLTPro-Cn.otf in Resources */,
				805D3CFB2396C79B0000B975 /* Budget.storyboard in Resources */,
			);
			runOnlyForDeploymentPostprocessing = 0;
		};
/* End PBXResourcesBuildPhase section */

/* Begin PBXSourcesBuildPhase section */
		805DB3202395A054001C3138 /* Sources */ = {
			isa = PBXSourcesBuildPhase;
			buildActionMask = 2147483647;
			files = (
				809F388323CE4D35008354C0 /* TabBarViewController.swift in Sources */,
				807DCFC723A18A5A00416715 /* TransactionsViewController.swift in Sources */,
				807DCFC423A0641200416715 /* OnBoardingStepsViewController.swift in Sources */,
				807DCFA023A0020800416715 /* Shadow.swift in Sources */,
				807DCFC523A0641200416715 /* OnBoardingViewController.swift in Sources */,
				805DB3282395A054001C3138 /* AppDelegate.swift in Sources */,
				807DCFC223A0641200416715 /* OnBoardingContainerViewController.swift in Sources */,
				809F388823CE5510008354C0 /* BudgetViewController.swift in Sources */,
			);
			runOnlyForDeploymentPostprocessing = 0;
		};
/* End PBXSourcesBuildPhase section */

/* Begin PBXVariantGroup section */
		805DB32B2395A054001C3138 /* Main.storyboard */ = {
			isa = PBXVariantGroup;
			children = (
				805DB32C2395A054001C3138 /* Base */,
			);
			name = Main.storyboard;
			sourceTree = "<group>";
		};
		805DB3302395A056001C3138 /* LaunchScreen.storyboard */ = {
			isa = PBXVariantGroup;
			children = (
				805DB3312395A056001C3138 /* Base */,
			);
			name = LaunchScreen.storyboard;
			sourceTree = "<group>";
		};
/* End PBXVariantGroup section */

/* Begin XCBuildConfiguration section */
		805DB34A2395A056001C3138 /* Debug */ = {
			isa = XCBuildConfiguration;
			buildSettings = {
				ALWAYS_SEARCH_USER_PATHS = NO;
				CLANG_ANALYZER_NONNULL = YES;
				CLANG_ANALYZER_NUMBER_OBJECT_CONVERSION = YES_AGGRESSIVE;
				CLANG_CXX_LANGUAGE_STANDARD = "gnu++14";
				CLANG_CXX_LIBRARY = "libc++";
				CLANG_ENABLE_MODULES = YES;
				CLANG_ENABLE_OBJC_ARC = YES;
				CLANG_ENABLE_OBJC_WEAK = YES;
				CLANG_WARN_BLOCK_CAPTURE_AUTORELEASING = YES;
				CLANG_WARN_BOOL_CONVERSION = YES;
				CLANG_WARN_COMMA = YES;
				CLANG_WARN_CONSTANT_CONVERSION = YES;
				CLANG_WARN_DEPRECATED_OBJC_IMPLEMENTATIONS = YES;
				CLANG_WARN_DIRECT_OBJC_ISA_USAGE = YES_ERROR;
				CLANG_WARN_DOCUMENTATION_COMMENTS = YES;
				CLANG_WARN_EMPTY_BODY = YES;
				CLANG_WARN_ENUM_CONVERSION = YES;
				CLANG_WARN_INFINITE_RECURSION = YES;
				CLANG_WARN_INT_CONVERSION = YES;
				CLANG_WARN_NON_LITERAL_NULL_CONVERSION = YES;
				CLANG_WARN_OBJC_IMPLICIT_RETAIN_SELF = YES;
				CLANG_WARN_OBJC_LITERAL_CONVERSION = YES;
				CLANG_WARN_OBJC_ROOT_CLASS = YES_ERROR;
				CLANG_WARN_RANGE_LOOP_ANALYSIS = YES;
				CLANG_WARN_STRICT_PROTOTYPES = YES;
				CLANG_WARN_SUSPICIOUS_MOVE = YES;
				CLANG_WARN_UNGUARDED_AVAILABILITY = YES_AGGRESSIVE;
				CLANG_WARN_UNREACHABLE_CODE = YES;
				CLANG_WARN__DUPLICATE_METHOD_MATCH = YES;
				CODE_SIGN_IDENTITY = "iPhone Developer";
				COPY_PHASE_STRIP = NO;
				DEBUG_INFORMATION_FORMAT = dwarf;
				ENABLE_STRICT_OBJC_MSGSEND = YES;
				ENABLE_TESTABILITY = YES;
				GCC_C_LANGUAGE_STANDARD = gnu11;
				GCC_DYNAMIC_NO_PIC = NO;
				GCC_NO_COMMON_BLOCKS = YES;
				GCC_OPTIMIZATION_LEVEL = 0;
				GCC_PREPROCESSOR_DEFINITIONS = (
					"DEBUG=1",
					"$(inherited)",
				);
				GCC_WARN_64_TO_32_BIT_CONVERSION = YES;
				GCC_WARN_ABOUT_RETURN_TYPE = YES_ERROR;
				GCC_WARN_UNDECLARED_SELECTOR = YES;
				GCC_WARN_UNINITIALIZED_AUTOS = YES_AGGRESSIVE;
				GCC_WARN_UNUSED_FUNCTION = YES;
				GCC_WARN_UNUSED_VARIABLE = YES;
				IPHONEOS_DEPLOYMENT_TARGET = 12.2;
				MTL_ENABLE_DEBUG_INFO = INCLUDE_SOURCE;
				MTL_FAST_MATH = YES;
				ONLY_ACTIVE_ARCH = YES;
				SDKROOT = iphoneos;
				SWIFT_ACTIVE_COMPILATION_CONDITIONS = DEBUG;
				SWIFT_OPTIMIZATION_LEVEL = "-Onone";
			};
			name = Debug;
		};
		805DB34B2395A056001C3138 /* Release */ = {
			isa = XCBuildConfiguration;
			buildSettings = {
				ALWAYS_SEARCH_USER_PATHS = NO;
				CLANG_ANALYZER_NONNULL = YES;
				CLANG_ANALYZER_NUMBER_OBJECT_CONVERSION = YES_AGGRESSIVE;
				CLANG_CXX_LANGUAGE_STANDARD = "gnu++14";
				CLANG_CXX_LIBRARY = "libc++";
				CLANG_ENABLE_MODULES = YES;
				CLANG_ENABLE_OBJC_ARC = YES;
				CLANG_ENABLE_OBJC_WEAK = YES;
				CLANG_WARN_BLOCK_CAPTURE_AUTORELEASING = YES;
				CLANG_WARN_BOOL_CONVERSION = YES;
				CLANG_WARN_COMMA = YES;
				CLANG_WARN_CONSTANT_CONVERSION = YES;
				CLANG_WARN_DEPRECATED_OBJC_IMPLEMENTATIONS = YES;
				CLANG_WARN_DIRECT_OBJC_ISA_USAGE = YES_ERROR;
				CLANG_WARN_DOCUMENTATION_COMMENTS = YES;
				CLANG_WARN_EMPTY_BODY = YES;
				CLANG_WARN_ENUM_CONVERSION = YES;
				CLANG_WARN_INFINITE_RECURSION = YES;
				CLANG_WARN_INT_CONVERSION = YES;
				CLANG_WARN_NON_LITERAL_NULL_CONVERSION = YES;
				CLANG_WARN_OBJC_IMPLICIT_RETAIN_SELF = YES;
				CLANG_WARN_OBJC_LITERAL_CONVERSION = YES;
				CLANG_WARN_OBJC_ROOT_CLASS = YES_ERROR;
				CLANG_WARN_RANGE_LOOP_ANALYSIS = YES;
				CLANG_WARN_STRICT_PROTOTYPES = YES;
				CLANG_WARN_SUSPICIOUS_MOVE = YES;
				CLANG_WARN_UNGUARDED_AVAILABILITY = YES_AGGRESSIVE;
				CLANG_WARN_UNREACHABLE_CODE = YES;
				CLANG_WARN__DUPLICATE_METHOD_MATCH = YES;
				CODE_SIGN_IDENTITY = "iPhone Developer";
				COPY_PHASE_STRIP = NO;
				DEBUG_INFORMATION_FORMAT = "dwarf-with-dsym";
				ENABLE_NS_ASSERTIONS = NO;
				ENABLE_STRICT_OBJC_MSGSEND = YES;
				GCC_C_LANGUAGE_STANDARD = gnu11;
				GCC_NO_COMMON_BLOCKS = YES;
				GCC_WARN_64_TO_32_BIT_CONVERSION = YES;
				GCC_WARN_ABOUT_RETURN_TYPE = YES_ERROR;
				GCC_WARN_UNDECLARED_SELECTOR = YES;
				GCC_WARN_UNINITIALIZED_AUTOS = YES_AGGRESSIVE;
				GCC_WARN_UNUSED_FUNCTION = YES;
				GCC_WARN_UNUSED_VARIABLE = YES;
				IPHONEOS_DEPLOYMENT_TARGET = 12.2;
				MTL_ENABLE_DEBUG_INFO = NO;
				MTL_FAST_MATH = YES;
				SDKROOT = iphoneos;
				SWIFT_COMPILATION_MODE = wholemodule;
				SWIFT_OPTIMIZATION_LEVEL = "-O";
				VALIDATE_PRODUCT = YES;
			};
			name = Release;
		};
		805DB34D2395A056001C3138 /* Debug */ = {
			isa = XCBuildConfiguration;
			buildSettings = {
				ASSETCATALOG_COMPILER_APPICON_NAME = AppIcon;
				CODE_SIGN_STYLE = Automatic;
				DEVELOPMENT_TEAM = "";
				FRAMEWORK_SEARCH_PATHS = (
					"$(inherited)",
					"$(PROJECT_DIR)/Carthage/Build/iOS",
				);
				INFOPLIST_FILE = PlatziFinanzasIPhone/Info.plist;
				LD_RUNPATH_SEARCH_PATHS = (
					"$(inherited)",
					"@executable_path/Frameworks",
				);
				PRODUCT_BUNDLE_IDENTIFIER = co.com.david.PlatziFinanzasIPhone;
				PRODUCT_NAME = "$(TARGET_NAME)";
				SWIFT_VERSION = 5.0;
				TARGETED_DEVICE_FAMILY = 1;
			};
			name = Debug;
		};
		805DB34E2395A056001C3138 /* Release */ = {
			isa = XCBuildConfiguration;
			buildSettings = {
				ASSETCATALOG_COMPILER_APPICON_NAME = AppIcon;
				CODE_SIGN_IDENTITY = "Apple Development";
				CODE_SIGN_STYLE = Automatic;
				DEVELOPMENT_TEAM = "";
				FRAMEWORK_SEARCH_PATHS = (
					"$(inherited)",
					"$(PROJECT_DIR)/Carthage/Build/iOS",
				);
				INFOPLIST_FILE = PlatziFinanzasIPhone/Info.plist;
				LD_RUNPATH_SEARCH_PATHS = (
					"$(inherited)",
					"@executable_path/Frameworks",
				);
				PRODUCT_BUNDLE_IDENTIFIER = co.com.yepes.PlatziFinanzasIPhone;
				PRODUCT_NAME = "$(TARGET_NAME)";
				PROVISIONING_PROFILE_SPECIFIER = "";
				SWIFT_VERSION = 5.0;
				TARGETED_DEVICE_FAMILY = 1;
			};
			name = Release;
		};
/* End XCBuildConfiguration section */

/* Begin XCConfigurationList section */
		805DB31F2395A054001C3138 /* Build configuration list for PBXProject "PlatziFinanzasIPhone" */ = {
			isa = XCConfigurationList;
			buildConfigurations = (
				805DB34A2395A056001C3138 /* Debug */,
				805DB34B2395A056001C3138 /* Release */,
			);
			defaultConfigurationIsVisible = 0;
			defaultConfigurationName = Release;
		};
		805DB34C2395A056001C3138 /* Build configuration list for PBXNativeTarget "Platzi Finanzas" */ = {
			isa = XCConfigurationList;
			buildConfigurations = (
				805DB34D2395A056001C3138 /* Debug */,
				805DB34E2395A056001C3138 /* Release */,
			);
			defaultConfigurationIsVisible = 0;
			defaultConfigurationName = Release;
		};
/* End XCConfigurationList section */
	};
	rootObject = 805DB31C2395A054001C3138 /* Project object */;
}
